<?xml version="1.0" encoding="utf-8"?>
<Project ToolsVersion="4.0" xmlns="http://schemas.microsoft.com/developer/msbuild/2003">
  <ItemGroup>
    <Filter Include="Source Files">
      <UniqueIdentifier>{4FC737F1-C7A5-4376-A066-2A32D752A2FF}</UniqueIdentifier>
      <Extensions>cpp;c;cc;cxx;c++;cppm;ixx;def;odl;idl;hpj;bat;asm;asmx</Extensions>
    </Filter>
    <Filter Include="Header Files">
      <UniqueIdentifier>{93995380-89BD-4b04-88EB-625FBE52EBFB}</UniqueIdentifier>
      <Extensions>h;hh;hpp;hxx;h++;hm;inl;inc;ipp;xsd</Extensions>
    </Filter>
    <Filter Include="Resource Files">
      <UniqueIdentifier>{67DA6AB6-F800-4c08-8B7A-83BB121AAD01}</UniqueIdentifier>
      <Extensions>rc;ico;cur;bmp;dlg;rc2;rct;bin;rgs;gif;jpg;jpeg;jpe;resx;tiff;tif;png;wav;mfcribbon-ms</Extensions>
    </Filter>
  </ItemGroup>
  <ItemGroup>
    <ClInclude Include="include\fluxions_ssg.hpp">
      <Filter>Header Files</Filter>
    </ClInclude>
    <ClInclude Include="include\fluxions_ssg_aniso_light.hpp">
      <Filter>Header Files</Filter>
    </ClInclude>
    <ClInclude Include="include\fluxions_ssg_base.hpp">
      <Filter>Header Files</Filter>
    </ClInclude>
    <ClInclude Include="include\fluxions_ssg_camera.hpp">
      <Filter>Header Files</Filter>
    </ClInclude>
    <ClInclude Include="include\fluxions_ssg_dirto_light.hpp">
      <Filter>Header Files</Filter>
    </ClInclude>
    <ClInclude Include="include\fluxions_ssg_environment.hpp">
      <Filter>Header Files</Filter>
    </ClInclude>
    <ClInclude Include="include\fluxions_ssg_geometry_group.hpp">
      <Filter>Header Files</Filter>
    </ClInclude>
    <ClInclude Include="include\fluxions_ssg_map.hpp">
      <Filter>Header Files</Filter>
    </ClInclude>
    <ClInclude Include="include\fluxions_ssg_material.hpp">
      <Filter>Header Files</Filter>
    </ClInclude>
    <ClInclude Include="include\fluxions_ssg_material_library.hpp">
      <Filter>Header Files</Filter>
    </ClInclude>
    <ClInclude Include="include\fluxions_ssg_materials.hpp">
      <Filter>Header Files</Filter>
    </ClInclude>
    <ClInclude Include="include\fluxions_ssg_node.hpp">
      <Filter>Header Files</Filter>
    </ClInclude>
    <ClInclude Include="include\fluxions_ssg_path_animation.hpp">
      <Filter>Header Files</Filter>
    </ClInclude>
    <ClInclude Include="include\fluxions_ssg_point_light.hpp">
      <Filter>Header Files</Filter>
    </ClInclude>
    <ClInclude Include="include\fluxions_ssg_property.hpp">
      <Filter>Header Files</Filter>
    </ClInclude>
    <ClInclude Include="include\fluxions_ssg_reader.hpp">
      <Filter>Header Files</Filter>
    </ClInclude>
    <ClInclude Include="include\fluxions_ssg_renderer_plugin.hpp">
      <Filter>Header Files</Filter>
    </ClInclude>
    <ClInclude Include="include\fluxions_ssg_scene_graph.hpp">
      <Filter>Header Files</Filter>
    </ClInclude>
    <ClInclude Include="include\fluxions_ssg_sphere.hpp">
      <Filter>Header Files</Filter>
    </ClInclude>
    <ClInclude Include="include\fluxions_ssg_ssphh.hpp">
      <Filter>Header Files</Filter>
    </ClInclude>
    <ClInclude Include="include\fluxions_ssg_ssphh_light.hpp">
      <Filter>Header Files</Filter>
    </ClInclude>
    <ClInclude Include="include\fluxions_ssg_ssphh_renderer_plugin.hpp">
      <Filter>Header Files</Filter>
    </ClInclude>
    <ClInclude Include="include\fluxions_ssg_writer.hpp">
      <Filter>Header Files</Filter>
    </ClInclude>
    <ClInclude Include="src\fluxions_ssg_pch.hpp">
      <Filter>Header Files</Filter>
    </ClInclude>
  </ItemGroup>
  <ItemGroup>
    <ClCompile Include="src\fluxions_ssg_aniso_light.cpp">
      <Filter>Source Files</Filter>
    </ClCompile>
    <ClCompile Include="src\fluxions_ssg_camera.cpp">
      <Filter>Source Files</Filter>
    </ClCompile>
    <ClCompile Include="src\fluxions_ssg_dirto_light.cpp">
      <Filter>Source Files</Filter>
    </ClCompile>
    <ClCompile Include="src\fluxions_ssg_environment.cpp">
      <Filter>Source Files</Filter>
    </ClCompile>
    <ClCompile Include="src\fluxions_ssg_material_library.cpp">
      <Filter>Source Files</Filter>
    </ClCompile>
    <ClCompile Include="src\fluxions_ssg_materials.cpp">
      <Filter>Source Files</Filter>
    </ClCompile>
    <ClCompile Include="src\fluxions_ssg_node.cpp">
      <Filter>Source Files</Filter>
    </ClCompile>
    <ClCompile Include="src\fluxions_ssg_path_animation.cpp">
      <Filter>Source Files</Filter>
    </ClCompile>
    <ClCompile Include="src\fluxions_ssg_pch.cpp">
      <Filter>Source Files</Filter>
    </ClCompile>
    <ClCompile Include="src\fluxions_ssg_point_light.cpp">
      <Filter>Source Files</Filter>
    </ClCompile>
    <ClCompile Include="src\fluxions_ssg_property.cpp">
      <Filter>Source Files</Filter>
    </ClCompile>
    <ClCompile Include="src\fluxions_ssg_reader.cpp">
      <Filter>Source Files</Filter>
    </ClCompile>
    <ClCompile Include="src\fluxions_ssg_renderer_plugin.cpp">
      <Filter>Source Files</Filter>
    </ClCompile>
    <ClCompile Include="src\fluxions_ssg_scene_graph.cpp">
      <Filter>Source Files</Filter>
    </ClCompile>
    <ClCompile Include="src\fluxions_ssg_sphere.cpp">
      <Filter>Source Files</Filter>
    </ClCompile>
    <ClCompile Include="src\fluxions_ssg_ssphh.cpp">
      <Filter>Source Files</Filter>
    </ClCompile>
    <ClCompile Include="src\fluxions_ssg_ssphh_light.cpp">
      <Filter>Source Files</Filter>
    </ClCompile>
    <ClCompile Include="src\fluxions_ssg_ssphh_renderer_plugin.cpp">
      <Filter>Source Files</Filter>
    </ClCompile>
    <ClCompile Include="src\fluxions_ssg_writer.cpp">
      <Filter>Source Files</Filter>
    </ClCompile>
  </ItemGroup>
</Project>